
Microsoft Visual Studio Solution File, Format Version 12.00
# Visual Studio Version 17
VisualStudioVersion = 17.0.31903.59
MinimumVisualStudioVersion = 10.0.40219.1
Project("{FAE04EC0-301F-11D3-BF4B-00C04F79EFBC}") = "ToDoApp.Server", "ToDoApp.Server\ToDoApp.Server.csproj", "{0734D8B0-F736-4780-9541-7710B47CDD53}"
EndProject
Project("{54a90642-561a-4bb1-a94e-469adee60c69}") = "ToDoApp.client", "ToDoApp.client\ToDoApp.client.esproj", "{DDCA1BA3-52E2-4BA3-ADD5-CD8591AB0FB0}"
EndProject
Global
	GlobalSection(SolutionConfigurationPlatforms) = preSolution
		Debug|Any CPU = Debug|Any CPU
		Release|Any CPU = Release|Any CPU
	EndGlobalSection
	GlobalSection(SolutionProperties) = preSolution
		HideSolutionNode = FALSE
	EndGlobalSection
	GlobalSection(ProjectConfigurationPlatforms) = postSolution
		{0734D8B0-F736-4780-9541-7710B47CDD53}.Debug|Any CPU.ActiveCfg = Debug|Any CPU
		{0734D8B0-F736-4780-9541-7710B47CDD53}.Debug|Any CPU.Build.0 = Debug|Any CPU
		{0734D8B0-F736-4780-9541-7710B47CDD53}.Release|Any CPU.ActiveCfg = Release|Any CPU
		{0734D8B0-F736-4780-9541-7710B47CDD53}.Release|Any CPU.Build.0 = Release|Any CPU
		{DDCA1BA3-52E2-4BA3-ADD5-CD8591AB0FB0}.Debug|Any CPU.ActiveCfg = Debug|Any CPU
		{DDCA1BA3-52E2-4BA3-ADD5-CD8591AB0FB0}.Debug|Any CPU.Build.0 = Debug|Any CPU
		{DDCA1BA3-52E2-4BA3-ADD5-CD8591AB0FB0}.Release|Any CPU.ActiveCfg = Release|Any CPU
		{DDCA1BA3-52E2-4BA3-ADD5-CD8591AB0FB0}.Release|Any CPU.Build.0 = Release|Any CPU
	EndGlobalSection
EndGlobal
